
Microsoft Visual Studio Solution File, Format Version 12.00
# Visual Studio Version 17
VisualStudioVersion = 17.10.34928.147
MinimumVisualStudioVersion = 10.0.40219.1
Project("{9A19103F-16F7-4668-BE54-9A1E7A4F7556}") = "Cars", "Cars.csproj", "{6876FBC4-53CE-44F9-B19B-F7F5C0045070}"
EndProject
Global
	GlobalSection(SolutionConfigurationPlatforms) = preSolution
		Debug|Any CPU = Debug|Any CPU
		Release|Any CPU = Release|Any CPU
	EndGlobalSection
	GlobalSection(ProjectConfigurationPlatforms) = postSolution
		{6876FBC4-53CE-44F9-B19B-F7F5C0045070}.Debug|Any CPU.ActiveCfg = Debug|Any CPU
		{6876FBC4-53CE-44F9-B19B-F7F5C0045070}.Debug|Any CPU.Build.0 = Debug|Any CPU
		{6876FBC4-53CE-44F9-B19B-F7F5C0045070}.Release|Any CPU.ActiveCfg = Release|Any CPU
		{6876FBC4-53CE-44F9-B19B-F7F5C0045070}.Release|Any CPU.Build.0 = Release|Any CPU
	EndGlobalSection
	GlobalSection(SolutionProperties) = preSolution
		HideSolutionNode = FALSE
	EndGlobalSection
	GlobalSection(ExtensibilityGlobals) = postSolution
		SolutionGuid = {1A674D5C-C4A9-4565-8247-F8F2661FCA13}
	EndGlobalSection
EndGlobal
